{
  "name": "amelia-studios-website",
  "lockfileVersion": 3,
  "requires": true,
  "packages": {
    "": {
      "devDependencies": {
        "webpack-bundle-tracker": "^1.8.1"
      }
    },
    "node_modules/ansi-regex": {
      "version": "5.0.1",
      "resolved": "https://registry.npmjs.org/ansi-regex/-/ansi-regex-5.0.1.tgz",
      "integrity": "sha512-quJQXlTSUGL2LH9SUXo8VwsY4soanhgo6LNSm84E1LBcE8s3O0wpdiRzyR9z/ZZJMlMWv37qOOb9pdJlMUEKFQ==",
      "dev": true,
      "engines": {
        "node": ">=8"
      }
    },
    "node_modules/lodash.assign": {
      "version": "4.2.0",
      "resolved": "https://registry.npmjs.org/lodash.assign/-/lodash.assign-4.2.0.tgz",
      "integrity": "sha512-hFuH8TY+Yji7Eja3mGiuAxBqLagejScbG8GbG0j6o9vzn0YL14My+ktnqtZgFTosKymC9/44wP6s7xyuLfnClw==",
      "dev": true
    },
    "node_modules/lodash.defaults": {
      "version": "4.2.0",
      "resolved": "https://registry.npmjs.org/lodash.defaults/-/lodash.defaults-4.2.0.tgz",
      "integrity": "sha512-qjxPLHd3r5DnsdGacqOMU6pb/avJzdh9tFX2ymgoZE27BmjXrNy/y4LoaiTeAb+O3gL8AfpJGtqfX/ae2leYYQ==",
      "dev": true
    },
    "node_modules/lodash.foreach": {
      "version": "4.5.0",
      "resolved": "https://registry.npmjs.org/lodash.foreach/-/lodash.foreach-4.5.0.tgz",
      "integrity": "sha512-aEXTF4d+m05rVOAUG3z4vZZ4xVexLKZGF0lIxuHZ1Hplpk/3B6Z1+/ICICYRLm7c41Z2xiejbkCkJoTlypoXhQ==",
      "dev": true
    },
    "node_modules/lodash.frompairs": {
      "version": "4.0.1",
      "resolved": "https://registry.npmjs.org/lodash.frompairs/-/lodash.frompairs-4.0.1.tgz",
      "integrity": "sha512-dvqe2I+cO5MzXCMhUnfYFa9MD+/760yx2aTAN1lqEcEkf896TxgrX373igVdqSJj6tQd0jnSLE1UMuKufqqxFw==",
      "dev": true
    },
    "node_modules/lodash.get": {
      "version": "4.4.2",
      "resolved": "https://registry.npmjs.org/lodash.get/-/lodash.get-4.4.2.tgz",
      "integrity": "sha512-z+Uw/vLuy6gQe8cfaFWD7p0wVv8fJl3mbzXh33RS+0oW2wvUqiRXiQ69gLWSLpgB5/6sU+r6BlQR0MBILadqTQ==",
      "dev": true
    },
    "node_modules/lodash.topairs": {
      "version": "4.3.0",
      "resolved": "https://registry.npmjs.org/lodash.topairs/-/lodash.topairs-4.3.0.tgz",
      "integrity": "sha512-qrRMbykBSEGdOgQLJJqVSdPWMD7Q+GJJ5jMRfQYb+LTLsw3tYVIabnCzRqTJb2WTo17PG5gNzXuFaZgYH/9SAQ==",
      "dev": true
    },
    "node_modules/strip-ansi": {
      "version": "6.0.1",
      "resolved": "https://registry.npmjs.org/strip-ansi/-/strip-ansi-6.0.1.tgz",
      "integrity": "sha512-Y38VPSHcqkFrCpFnQ9vuSXmquuv5oXOKpGeT6aGrr3o3Gc9AlVa6JBfUSOCnbxGGZF+/0ooI7KrPuUSztUdU5A==",
      "dev": true,
      "dependencies": {
        "ansi-regex": "^5.0.1"
      },
      "engines": {
        "node": ">=8"
      }
    },
    "node_modules/webpack-bundle-tracker": {
      "version": "1.8.1",
      "resolved": "https://registry.npmjs.org/webpack-bundle-tracker/-/webpack-bundle-tracker-1.8.1.tgz",
      "integrity": "sha512-X1qtXG4ue92gjWQO2VhLVq8HDEf9GzUWE0OQyAQObVEZsFB1SUtSQ7o47agF5WZIaHfJUTKak4jEErU0gzoPcQ==",
      "dev": true,
      "dependencies": {
        "lodash.assign": "^4.2.0",
        "lodash.defaults": "^4.2.0",
        "lodash.foreach": "^4.5.0",
        "lodash.frompairs": "^4.0.1",
        "lodash.get": "^4.4.2",
        "lodash.topairs": "^4.3.0",
        "strip-ansi": "^6.0.0"
      }
    }
  }
}
